// !$*UTF8*$!
{
	archiveVersion = 1;
	classes = {
	};
	objectVersion = 46;
	objects = {

/* Begin PBXBuildFile section */
		8A4ADA901AC06DD800FD675E /* AppDelegate.swift in Sources */ = {isa = PBXBuildFile; fileRef = 8A4ADA8F1AC06DD800FD675E /* AppDelegate.swift */; };
		8A4ADA921AC06DD800FD675E /* ViewController.swift in Sources */ = {isa = PBXBuildFile; fileRef = 8A4ADA911AC06DD800FD675E /* ViewController.swift */; };
		8A4ADA951AC06DD800FD675E /* Main.storyboard in Resources */ = {isa = PBXBuildFile; fileRef = 8A4ADA931AC06DD800FD675E /* Main.storyboard */; };
		8A4ADA971AC06DD800FD675E /* Images.xcassets in Resources */ = {isa = PBXBuildFile; fileRef = 8A4ADA961AC06DD800FD675E /* Images.xcassets */; };
		8A4ADA9A1AC06DD800FD675E /* LaunchScreen.xib in Resources */ = {isa = PBXBuildFile; fileRef = 8A4ADA981AC06DD800FD675E /* LaunchScreen.xib */; };
		8A4ADAA61AC06DD800FD675E /* DeKalb_County_Cadet_SquadronTests.swift in Sources */ = {isa = PBXBuildFile; fileRef = 8A4ADAA51AC06DD800FD675E /* DeKalb_County_Cadet_SquadronTests.swift */; };
/* End PBXBuildFile section */

/* Begin PBXContainerItemProxy section */
		8A4ADAA01AC06DD800FD675E /* PBXContainerItemProxy */ = {
			isa = PBXContainerItemProxy;
			containerPortal = 8A4ADA821AC06DD700FD675E /* Project object */;
			proxyType = 1;
			remoteGlobalIDString = 8A4ADA891AC06DD700FD675E;
			remoteInfo = "DeKalb County Cadet Squadron";
		};
/* End PBXContainerItemProxy section */

/* Begin PBXFileReference section */
		8A4ADA8A1AC06DD700FD675E /* DeKalb County Cadet Squadron.app */ = {isa = PBXFileReference; explicitFileType = wrapper.application; includeInIndex = 0; path = "DeKalb County Cadet Squadron.app"; sourceTree = BUILT_PRODUCTS_DIR; };
		8A4ADA8E1AC06DD800FD675E /* Info.plist */ = {isa = PBXFileReference; lastKnownFileType = text.plist.xml; path = Info.plist; sourceTree = "<group>"; };
		8A4ADA8F1AC06DD800FD675E /* AppDelegate.swift */ = {isa = PBXFileReference; lastKnownFileType = sourcecode.swift; path = AppDelegate.swift; sourceTree = "<group>"; };
		8A4ADA911AC06DD800FD675E /* ViewController.swift */ = {isa = PBXFileReference; lastKnownFileType = sourcecode.swift; path = ViewController.swift; sourceTree = "<group>"; };
		8A4ADA941AC06DD800FD675E /* Base */ = {isa = PBXFileReference; lastKnownFileType = file.storyboard; name = Base; path = Base.lproj/Main.storyboard; sourceTree = "<group>"; };
		8A4ADA961AC06DD800FD675E /* Images.xcassets */ = {isa = PBXFileReference; lastKnownFileType = folder.assetcatalog; path = Images.xcassets; sourceTree = "<group>"; };
		8A4ADA991AC06DD800FD675E /* Base */ = {isa = PBXFileReference; lastKnownFileType = file.xib; name = Base; path = Base.lproj/LaunchScreen.xib; sourceTree = "<group>"; };
		8A4ADA9F1AC06DD800FD675E /* DeKalb County Cadet SquadronTests.xctest */ = {isa = PBXFileReference; explicitFileType = wrapper.cfbundle; includeInIndex = 0; path = "DeKalb County Cadet SquadronTests.xctest"; sourceTree = BUILT_PRODUCTS_DIR; };
		8A4ADAA41AC06DD800FD675E /* Info.plist */ = {isa = PBXFileReference; lastKnownFileType = text.plist.xml; path = Info.plist; sourceTree = "<group>"; };
		8A4ADAA51AC06DD800FD675E /* DeKalb_County_Cadet_SquadronTests.swift */ = {isa = PBXFileReference; lastKnownFileType = sourcecode.swift; path = DeKalb_County_Cadet_SquadronTests.swift; sourceTree = "<group>"; };
/* End PBXFileReference section */

/* Begin PBXFrameworksBuildPhase section */
		8A4ADA871AC06DD700FD675E /* Frameworks */ = {
			isa = PBXFrameworksBuildPhase;
			buildActionMask = 2147483647;
			files = (
			);
			runOnlyForDeploymentPostprocessing = 0;
		};
		8A4ADA9C1AC06DD800FD675E /* Frameworks */ = {
			isa = PBXFrameworksBuildPhase;
			buildActionMask = 2147483647;
			files = (
			);
			runOnlyForDeploymentPostprocessing = 0;
		};
/* End PBXFrameworksBuildPhase section */

/* Begin PBXGroup section */
		8A4ADA811AC06DD700FD675E = {
			isa = PBXGroup;
			children = (
				8A4ADA8C1AC06DD700FD675E /* DeKalb County Cadet Squadron */,
				8A4ADAA21AC06DD800FD675E /* DeKalb County Cadet SquadronTests */,
				8A4ADA8B1AC06DD700FD675E /* Products */,
			);
			sourceTree = "<group>";
		};
		8A4ADA8B1AC06DD700FD675E /* Products */ = {
			isa = PBXGroup;
			children = (
				8A4ADA8A1AC06DD700FD675E /* DeKalb County Cadet Squadron.app */,
				8A4ADA9F1AC06DD800FD675E /* DeKalb County Cadet SquadronTests.xctest */,
			);
			name = Products;
			sourceTree = "<group>";
		};
		8A4ADA8C1AC06DD700FD675E /* DeKalb County Cadet Squadron */ = {
			isa = PBXGroup;
			children = (
				8A4ADA8F1AC06DD800FD675E /* AppDelegate.swift */,
				8A4ADA911AC06DD800FD675E /* ViewController.swift */,
				8A4ADA931AC06DD800FD675E /* Main.storyboard */,
				8A4ADA961AC06DD800FD675E /* Images.xcassets */,
				8A4ADA981AC06DD800FD675E /* LaunchScreen.xib */,
				8A4ADA8D1AC06DD800FD675E /* Supporting Files */,
			);
			path = "DeKalb County Cadet Squadron";
			sourceTree = "<group>";
		};
		8A4ADA8D1AC06DD800FD675E /* Supporting Files */ = {
			isa = PBXGroup;
			children = (
				8A4ADA8E1AC06DD800FD675E /* Info.plist */,
			);
			name = "Supporting Files";
			sourceTree = "<group>";
		};
		8A4ADAA21AC06DD800FD675E /* DeKalb County Cadet SquadronTests */ = {
			isa = PBXGroup;
			children = (
				8A4ADAA51AC06DD800FD675E /* DeKalb_County_Cadet_SquadronTests.swift */,
				8A4ADAA31AC06DD800FD675E /* Supporting Files */,
			);
			path = "DeKalb County Cadet SquadronTests";
			sourceTree = "<group>";
		};
		8A4ADAA31AC06DD800FD675E /* Supporting Files */ = {
			isa = PBXGroup;
			children = (
				8A4ADAA41AC06DD800FD675E /* Info.plist */,
			);
			name = "Supporting Files";
			sourceTree = "<group>";
		};
/* End PBXGroup section */

/* Begin PBXNativeTarget section */
		8A4ADA891AC06DD700FD675E /* DeKalb County Cadet Squadron */ = {
			isa = PBXNativeTarget;
			buildConfigurationList = 8A4ADAA91AC06DD800FD675E /* Build configuration list for PBXNativeTarget "DeKalb County Cadet Squadron" */;
			buildPhases = (
				8A4ADA861AC06DD700FD675E /* Sources */,
				8A4ADA871AC06DD700FD675E /* Frameworks */,
				8A4ADA881AC06DD700FD675E /* Resources */,
			);
			buildRules = (
			);
			dependencies = (
			);
			name = "DeKalb County Cadet Squadron";
			productName = "DeKalb County Cadet Squadron";
			productReference = 8A4ADA8A1AC06DD700FD675E /* DeKalb County Cadet Squadron.app */;
			productType = "com.apple.product-type.application";
		};
		8A4ADA9E1AC06DD800FD675E /* DeKalb County Cadet SquadronTests */ = {
			isa = PBXNativeTarget;
			buildConfigurationList = 8A4ADAAC1AC06DD800FD675E /* Build configuration list for PBXNativeTarget "DeKalb County Cadet SquadronTests" */;
			buildPhases = (
				8A4ADA9B1AC06DD800FD675E /* Sources */,
				8A4ADA9C1AC06DD800FD675E /* Frameworks */,
				8A4ADA9D1AC06DD800FD675E /* Resources */,
			);
			buildRules = (
			);
			dependencies = (
				8A4ADAA11AC06DD800FD675E /* PBXTargetDependency */,
			);
			name = "DeKalb County Cadet SquadronTests";
			productName = "DeKalb County Cadet SquadronTests";
			productReference = 8A4ADA9F1AC06DD800FD675E /* DeKalb County Cadet SquadronTests.xctest */;
			productType = "com.apple.product-type.bundle.unit-test";
		};
/* End PBXNativeTarget section */

/* Begin PBXProject section */
		8A4ADA821AC06DD700FD675E /* Project object */ = {
			isa = PBXProject;
			attributes = {
				LastUpgradeCheck = 0610;
				ORGANIZATIONNAME = "John Willingham";
				TargetAttributes = {
					8A4ADA891AC06DD700FD675E = {
						CreatedOnToolsVersion = 6.1;
					};
					8A4ADA9E1AC06DD800FD675E = {
						CreatedOnToolsVersion = 6.1;
						TestTargetID = 8A4ADA891AC06DD700FD675E;
					};
				};
			};
			buildConfigurationList = 8A4ADA851AC06DD700FD675E /* Build configuration list for PBXProject "DeKalb County Cadet Squadron" */;
			compatibilityVersion = "Xcode 3.2";
			developmentRegion = English;
			hasScannedForEncodings = 0;
			knownRegions = (
				en,
				Base,
			);
			mainGroup = 8A4ADA811AC06DD700FD675E;
			productRefGroup = 8A4ADA8B1AC06DD700FD675E /* Products */;
			projectDirPath = "";
			projectRoot = "";
			targets = (
				8A4ADA891AC06DD700FD675E /* DeKalb County Cadet Squadron */,
				8A4ADA9E1AC06DD800FD675E /* DeKalb County Cadet SquadronTests */,
			);
		};
/* End PBXProject section */

/* Begin PBXResourcesBuildPhase section */
		8A4ADA881AC06DD700FD675E /* Resources */ = {
			isa = PBXResourcesBuildPhase;
			buildActionMask = 2147483647;
			files = (
				8A4ADA951AC06DD800FD675E /* Main.storyboard in Resources */,
				8A4ADA9A1AC06DD800FD675E /* LaunchScreen.xib in Resources */,
				8A4ADA971AC06DD800FD675E /* Images.xcassets in Resources */,
			);
			runOnlyForDeploymentPostprocessing = 0;
		};
		8A4ADA9D1AC06DD800FD675E /* Resources */ = {
			isa = PBXResourcesBuildPhase;
			buildActionMask = 2147483647;
			files = (
			);
			runOnlyForDeploymentPostprocessing = 0;
		};
/* End PBXResourcesBuildPhase section */

/* Begin PBXSourcesBuildPhase section */
		8A4ADA861AC06DD700FD675E /* Sources */ = {
			isa = PBXSourcesBuildPhase;
			buildActionMask = 2147483647;
			files = (
				8A4ADA921AC06DD800FD675E /* ViewController.swift in Sources */,
				8A4ADA901AC06DD800FD675E /* AppDelegate.swift in Sources */,
			);
			runOnlyForDeploymentPostprocessing = 0;
		};
		8A4ADA9B1AC06DD800FD675E /* Sources */ = {
			isa = PBXSourcesBuildPhase;
			buildActionMask = 2147483647;
			files = (
				8A4ADAA61AC06DD800FD675E /* DeKalb_County_Cadet_SquadronTests.swift in Sources */,
			);
			runOnlyForDeploymentPostprocessing = 0;
		};
/* End PBXSourcesBuildPhase section */

/* Begin PBXTargetDependency section */
		8A4ADAA11AC06DD800FD675E /* PBXTargetDependency */ = {
			isa = PBXTargetDependency;
			target = 8A4ADA891AC06DD700FD675E /* DeKalb County Cadet Squadron */;
			targetProxy = 8A4ADAA01AC06DD800FD675E /* PBXContainerItemProxy */;
		};
/* End PBXTargetDependency section */

/* Begin PBXVariantGroup section */
		8A4ADA931AC06DD800FD675E /* Main.storyboard */ = {
			isa = PBXVariantGroup;
			children = (
				8A4ADA941AC06DD800FD675E /* Base */,
			);
			name = Main.storyboard;
			sourceTree = "<group>";
		};
		8A4ADA981AC06DD800FD675E /* LaunchScreen.xib */ = {
			isa = PBXVariantGroup;
			children = (
				8A4ADA991AC06DD800FD675E /* Base */,
			);
			name = LaunchScreen.xib;
			sourceTree = "<group>";
		};
/* End PBXVariantGroup section */

/* Begin XCBuildConfiguration section */
		8A4ADAA71AC06DD800FD675E /* Debug */ = {
			isa = XCBuildConfiguration;
			buildSettings = {
				ALWAYS_SEARCH_USER_PATHS = NO;
				CLANG_CXX_LANGUAGE_STANDARD = "gnu++0x";
				CLANG_CXX_LIBRARY = "libc++";
				CLANG_ENABLE_MODULES = YES;
				CLANG_ENABLE_OBJC_ARC = YES;
				CLANG_WARN_BOOL_CONVERSION = YES;
				CLANG_WARN_CONSTANT_CONVERSION = YES;
				CLANG_WARN_DIRECT_OBJC_ISA_USAGE = YES_ERROR;
				CLANG_WARN_EMPTY_BODY = YES;
				CLANG_WARN_ENUM_CONVERSION = YES;
				CLANG_WARN_INT_CONVERSION = YES;
				CLANG_WARN_OBJC_ROOT_CLASS = YES_ERROR;
				CLANG_WARN_UNREACHABLE_CODE = YES;
				CLANG_WARN__DUPLICATE_METHOD_MATCH = YES;
				"CODE_SIGN_IDENTITY[sdk=iphoneos*]" = "iPhone Developer";
				COPY_PHASE_STRIP = NO;
				ENABLE_STRICT_OBJC_MSGSEND = YES;
				GCC_C_LANGUAGE_STANDARD = gnu99;
				GCC_DYNAMIC_NO_PIC = NO;
				GCC_OPTIMIZATION_LEVEL = 0;
				GCC_PREPROCESSOR_DEFINITIONS = (
					"DEBUG=1",
					"$(inherited)",
				);
				GCC_SYMBOLS_PRIVATE_EXTERN = NO;
				GCC_WARN_64_TO_32_BIT_CONVERSION = YES;
				GCC_WARN_ABOUT_RETURN_TYPE = YES_ERROR;
				GCC_WARN_UNDECLARED_SELECTOR = YES;
				GCC_WARN_UNINITIALIZED_AUTOS = YES_AGGRESSIVE;
				GCC_WARN_UNUSED_FUNCTION = YES;
				GCC_WARN_UNUSED_VARIABLE = YES;
				IPHONEOS_DEPLOYMENT_TARGET = 8.1;
				MTL_ENABLE_DEBUG_INFO = YES;
				ONLY_ACTIVE_ARCH = YES;
				SDKROOT = iphoneos;
				SWIFT_OPTIMIZATION_LEVEL = "-Onone";
			};
			name = Debug;
		};
		8A4ADAA81AC06DD800FD675E /* Release */ = {
			isa = XCBuildConfiguration;
			buildSettings = {
				ALWAYS_SEARCH_USER_PATHS = NO;
				CLANG_CXX_LANGUAGE_STANDARD = "gnu++0x";
				CLANG_CXX_LIBRARY = "libc++";
				CLANG_ENABLE_MODULES = YES;
				CLANG_ENABLE_OBJC_ARC = YES;
				CLANG_WARN_BOOL_CONVERSION = YES;
				CLANG_WARN_CONSTANT_CONVERSION = YES;
				CLANG_WARN_DIRECT_OBJC_ISA_USAGE = YES_ERROR;
				CLANG_WARN_EMPTY_BODY = YES;
				CLANG_WARN_ENUM_CONVERSION = YES;
				CLANG_WARN_INT_CONVERSION = YES;
				CLANG_WARN_OBJC_ROOT_CLASS = YES_ERROR;
				CLANG_WARN_UNREACHABLE_CODE = YES;
				CLANG_WARN__DUPLICATE_METHOD_MATCH = YES;
				"CODE_SIGN_IDENTITY[sdk=iphoneos*]" = "iPhone Developer";
				COPY_PHASE_STRIP = YES;
				ENABLE_NS_ASSERTIONS = NO;
				ENABLE_STRICT_OBJC_MSGSEND = YES;
				GCC_C_LANGUAGE_STANDARD = gnu99;
				GCC_WARN_64_TO_32_BIT_CONVERSION = YES;
				GCC_WARN_ABOUT_RETURN_TYPE = YES_ERROR;
				GCC_WARN_UNDECLARED_SELECTOR = YES;
				GCC_WARN_UNINITIALIZED_AUTOS = YES_AGGRESSIVE;
				GCC_WARN_UNUSED_FUNCTION = YES;
				GCC_WARN_UNUSED_VARIABLE = YES;
				IPHONEOS_DEPLOYMENT_TARGET = 8.1;
				MTL_ENABLE_DEBUG_INFO = NO;
				SDKROOT = iphoneos;
				VALIDATE_PRODUCT = YES;
			};
			name = Release;
		};
		8A4ADAAA1AC06DD800FD675E /* Debug */ = {
			isa = XCBuildConfiguration;
			buildSettings = {
				ASSETCATALOG_COMPILER_APPICON_NAME = AppIcon;
				INFOPLIST_FILE = "DeKalb County Cadet Squadron/Info.plist";
				LD_RUNPATH_SEARCH_PATHS = "$(inherited) @executable_path/Frameworks";
				PRODUCT_NAME = "$(TARGET_NAME)";
			};
			name = Debug;
		};
		8A4ADAAB1AC06DD800FD675E /* Release */ = {
			isa = XCBuildConfiguration;
			buildSettings = {
				ASSETCATALOG_COMPILER_APPICON_NAME = AppIcon;
				INFOPLIST_FILE = "DeKalb County Cadet Squadron/Info.plist";
				LD_RUNPATH_SEARCH_PATHS = "$(inherited) @executable_path/Frameworks";
				PRODUCT_NAME = "$(TARGET_NAME)";
			};
			name = Release;
		};
		8A4ADAAD1AC06DD800FD675E /* Debug */ = {
			isa = XCBuildConfiguration;
			buildSettings = {
				BUNDLE_LOADER = "$(TEST_HOST)";
				FRAMEWORK_SEARCH_PATHS = (
					"$(SDKROOT)/Developer/Library/Frameworks",
					"$(inherited)",
				);
				GCC_PREPROCESSOR_DEFINITIONS = (
					"DEBUG=1",
					"$(inherited)",
				);
				INFOPLIST_FILE = "DeKalb County Cadet SquadronTests/Info.plist";
				LD_RUNPATH_SEARCH_PATHS = "$(inherited) @executable_path/Frameworks @loader_path/Frameworks";
				PRODUCT_NAME = "$(TARGET_NAME)";
				TEST_HOST = "$(BUILT_PRODUCTS_DIR)/DeKalb County Cadet Squadron.app/DeKalb County Cadet Squadron";
			};
			name = Debug;
		};
		8A4ADAAE1AC06DD800FD675E /* Release */ = {
			isa = XCBuildConfiguration;
			buildSettings = {
				BUNDLE_LOADER = "$(TEST_HOST)";
				FRAMEWORK_SEARCH_PATHS = (
					"$(SDKROOT)/Developer/Library/Frameworks",
					"$(inherited)",
				);
				INFOPLIST_FILE = "DeKalb County Cadet SquadronTests/Info.plist";
				LD_RUNPATH_SEARCH_PATHS = "$(inherited) @executable_path/Frameworks @loader_path/Frameworks";
				PRODUCT_NAME = "$(TARGET_NAME)";
				TEST_HOST = "$(BUILT_PRODUCTS_DIR)/DeKalb County Cadet Squadron.app/DeKalb County Cadet Squadron";
			};
			name = Release;
		};
/* End XCBuildConfiguration section */

/* Begin XCConfigurationList section */
		8A4ADA851AC06DD700FD675E /* Build configuration list for PBXProject "DeKalb County Cadet Squadron" */ = {
			isa = XCConfigurationList;
			buildConfigurations = (
				8A4ADAA71AC06DD800FD675E /* Debug */,
				8A4ADAA81AC06DD800FD675E /* Release */,
			);
			defaultConfigurationIsVisible = 0;
			defaultConfigurationName = Release;
		};
		8A4ADAA91AC06DD800FD675E /* Build configuration list for PBXNativeTarget "DeKalb County Cadet Squadron" */ = {
			isa = XCConfigurationList;
			buildConfigurations = (
				8A4ADAAA1AC06DD800FD675E /* Debug */,
				8A4ADAAB1AC06DD800FD675E /* Release */,
			);
			defaultConfigurationIsVisible = 0;
		};
		8A4ADAAC1AC06DD800FD675E /* Build configuration list for PBXNativeTarget "DeKalb County Cadet SquadronTests" */ = {
			isa = XCConfigurationList;
			buildConfigurations = (
				8A4ADAAD1AC06DD800FD675E /* Debug */,
				8A4ADAAE1AC06DD800FD675E /* Release */,
			);
			defaultConfigurationIsVisible = 0;
		};
/* End XCConfigurationList section */
	};
	rootObject = 8A4ADA821AC06DD700FD675E /* Project object */;
}
